{
  "requires": true,
  "lockfileVersion": 1,
  "dependencies": {
    "bootstrap": {
      "version": "4.3.1",
      "resolved": "https://registry.npmjs.org/bootstrap/-/bootstrap-4.3.1.tgz",
      "integrity": "sha512-rXqOmH1VilAt2DyPzluTi2blhk17bO7ef+zLLPlWvG494pDxcM234pJ8wTc/6R40UWizAIIMgxjvxZg5kmsbag=="
    },
    "smooth-scroll": {
      "version": "16.1.0",
      "resolved": "https://registry.npmjs.org/smooth-scroll/-/smooth-scroll-16.1.0.tgz",
      "integrity": "sha512-V5b8ekIekZ3xJ6f0sPsLgEbN5YT8gX0Q6yNjZXTKgqjH9dBGadZ0P50fhP0rLRBGifc44qfI3rnWNM+lebhJag=="
    }
  }
}
